// !$*UTF8*$!
{
	archiveVersion = 1;
	classes = {
	};
	objectVersion = 46;
	objects = {
/* Begin PBXBuildFile section */
		00E356F31AD99517003FC87E /* SkinSkanTests.m in Sources */ = {isa = PBXBuildFile; fileRef = 00E356F21AD99517003FC87E /* SkinSkanTests.m */; };
		13B07FBC1A68108700A75B9A /* AppDelegate.m in Sources */ = {isa = PBXBuildFile; fileRef = 13B07FB01A68108700A75B9A /* AppDelegate.m */; };
		13B07FBD1A68108700A75B9A /* LaunchScreen.xib in Resources */ = {isa = PBXBuildFile; fileRef = 13B07FB11A68108700A75B9A /* LaunchScreen.xib */; };
		13B07FBF1A68108700A75B9A /* Images.xcassets in Resources */ = {isa = PBXBuildFile; fileRef = 13B07FB51A68108700A75B9A /* Images.xcassets */; };
		13B07FC11A68108700A75B9A /* main.m in Sources */ = {isa = PBXBuildFile; fileRef = 13B07FB71A68108700A75B9A /* main.m */; };
		2D02E4BC1E0B4A80006451C7 /* AppDelegate.m in Sources */ = {isa = PBXBuildFile; fileRef = 13B07FB01A68108700A75B9A /* AppDelegate.m */; };
		2D02E4BD1E0B4A84006451C7 /* Images.xcassets in Resources */ = {isa = PBXBuildFile; fileRef = 13B07FB51A68108700A75B9A /* Images.xcassets */; };
		2D02E4BF1E0B4AB3006451C7 /* main.m in Sources */ = {isa = PBXBuildFile; fileRef = 13B07FB71A68108700A75B9A /* main.m */; };
		2DCD954D1E0B4F2C00145EB5 /* SkinSkanTests.m in Sources */ = {isa = PBXBuildFile; fileRef = 00E356F21AD99517003FC87E /* SkinSkanTests.m */; };
		34C6B74F4B1643B6A06F767F /* Ionicons.ttf in Resources */ = {isa = PBXBuildFile; fileRef = FB74E75E8ABD41FD8151CD9B /* Ionicons.ttf */; };
		A254B1751EEA46CF8E41C6AD /* Instant Harmony DEMO.otf in Resources */ = {isa = PBXBuildFile; fileRef = FDE3F1A514C54878919D3A68 /* Instant Harmony DEMO.otf */; };
		F61DB7E04AC74FE78659FC77 /* Instant Harmony Lite DEMO.otf in Resources */ = {isa = PBXBuildFile; fileRef = 09B0E57C6C6C464898FCB2DE /* Instant Harmony Lite DEMO.otf */; };
		8F7C4FA0F14940A08684D6E2 /* Moonbright-JRmWo.ttf in Resources */ = {isa = PBXBuildFile; fileRef = C1984C9DC6FE4E5A8D6236A0 /* Moonbright-JRmWo.ttf */; };
		23C967D5E6E64B72BF453AC8 /* AntDesign.ttf in Resources */ = {isa = PBXBuildFile; fileRef = C5C4ADE5BEF74A088F1CC7A4 /* AntDesign.ttf */; };
		136B24373DD74E30825F9545 /* Entypo.ttf in Resources */ = {isa = PBXBuildFile; fileRef = 878D3329CFBD49ACA3819310 /* Entypo.ttf */; };
		700513F397FA4CA881CD6DE1 /* EvilIcons.ttf in Resources */ = {isa = PBXBuildFile; fileRef = 1180DC1D68D3469EA2017A77 /* EvilIcons.ttf */; };
		773651CB9E3D4194B0141546 /* Feather.ttf in Resources */ = {isa = PBXBuildFile; fileRef = 7FD629ADC74B47858F4D010F /* Feather.ttf */; };
		31029D1678164009A5F6BCA0 /* FontAwesome.ttf in Resources */ = {isa = PBXBuildFile; fileRef = 6E8AE1BDB6264E21B7F3FE20 /* FontAwesome.ttf */; };
		763E5F4A11B24E349D57C06C /* FontAwesome5_Brands.ttf in Resources */ = {isa = PBXBuildFile; fileRef = 0F1A9C75325248D0851A7F2F /* FontAwesome5_Brands.ttf */; };
		97684DEC698841E9A68DDB94 /* FontAwesome5_Regular.ttf in Resources */ = {isa = PBXBuildFile; fileRef = 874FCB57C5A34E14A01BF2F8 /* FontAwesome5_Regular.ttf */; };
		B17EF33C0D004A1D90EF4339 /* FontAwesome5_Solid.ttf in Resources */ = {isa = PBXBuildFile; fileRef = 2FAB68B2ACF14FD6A13C53E3 /* FontAwesome5_Solid.ttf */; };
		82FB50879F40428E9940FF1B /* Fontisto.ttf in Resources */ = {isa = PBXBuildFile; fileRef = 3B18A5AEE4B14C569E73808C /* Fontisto.ttf */; };
		C05D78275075428B92FAF7F4 /* Foundation.ttf in Resources */ = {isa = PBXBuildFile; fileRef = 3109087A81384F31B609BC0E /* Foundation.ttf */; };
		388894AF4E4B464C95AA283D /* MaterialCommunityIcons.ttf in Resources */ = {isa = PBXBuildFile; fileRef = 6FE462C79EC9462C9DEB1398 /* MaterialCommunityIcons.ttf */; };
		90B3CAC3E28F4C38973BB417 /* MaterialIcons.ttf in Resources */ = {isa = PBXBuildFile; fileRef = F9B32376470F4AC6AF44C22F /* MaterialIcons.ttf */; };
		DA918AD4F4AF466095384D82 /* Octicons.ttf in Resources */ = {isa = PBXBuildFile; fileRef = 8965594E3695491C81C804A0 /* Octicons.ttf */; };
		3566568184244D078CF0D1FA /* SimpleLineIcons.ttf in Resources */ = {isa = PBXBuildFile; fileRef = DD0DAE4C46684828A94BBA26 /* SimpleLineIcons.ttf */; };
		BD96A1C94F0E4DE48E4BCF39 /* Zocial.ttf in Resources */ = {isa = PBXBuildFile; fileRef = 4619611D24DD4DF5940F3511 /* Zocial.ttf */; };
		BBC4AB93F81F48FA99D8C550 /* Montserrat-Regular.otf in Resources */ = {isa = PBXBuildFile; fileRef = 4E79A9BF6A034F539AD9C58D /* Montserrat-Regular.otf */; };
		DD349F8AA69A4BC9BEE63433 /* Montserrat-MediumItalic.otf in Resources */ = {isa = PBXBuildFile; fileRef = FBC2A93223654C498F6833AF /* Montserrat-MediumItalic.otf */; };
		DEA116C1B7664D36AAD8BB43 /* FontsFree-Net-Proxima-Nova-Bold.otf in Resources */ = {isa = PBXBuildFile; fileRef = BB0B78391C4C4A16B6A886B4 /* FontsFree-Net-Proxima-Nova-Bold.otf */; };
		C7FD74CDB8914DBB898D9CC2 /* FontsFree-Net-Proxima-Nova-Thin.otf in Resources */ = {isa = PBXBuildFile; fileRef = 522711318E42432DB9F57F2F /* FontsFree-Net-Proxima-Nova-Thin.otf */; };
		C21656695B254DDC86D148B6 /* Proxima Nova Th.otf in Resources */ = {isa = PBXBuildFile; fileRef = 1B659D8EA68946B6835E3813 /* Proxima Nova Th.otf */; };
		3F3B706919F342B89EFEF512 /* Montserrat-ExtraBold.otf in Resources */ = {isa = PBXBuildFile; fileRef = 98AFEEC1951F4B47A9E9ABD0 /* Montserrat-ExtraBold.otf */; };
		10F0F99814C2434696ACA3A8 /* Montserrat-Bold.otf in Resources */ = {isa = PBXBuildFile; fileRef = C355B046B6B04CE6B309D84C /* Montserrat-Bold.otf */; };
		DBDF40C6A13F489590527A4F /* Montserrat-Black.otf in Resources */ = {isa = PBXBuildFile; fileRef = 2F5FB268B99D4903B99703DC /* Montserrat-Black.otf */; };
		A44863F2DE1A4B28B395C925 /* Montserrat-BlackItalic.otf in Resources */ = {isa = PBXBuildFile; fileRef = CC65BAD6351A4E3C888B5768 /* Montserrat-BlackItalic.otf */; };
		5D1D5351DA15488B8C2141ED /* Montserrat-BoldItalic.otf in Resources */ = {isa = PBXBuildFile; fileRef = 4C82D9EC68DE4E2BB64B61E5 /* Montserrat-BoldItalic.otf */; };
		097DAB5A80614D1585870C79 /* Montserrat-ExtraBoldItalic.otf in Resources */ = {isa = PBXBuildFile; fileRef = 3FB3A5A5285B4A32B071CC3F /* Montserrat-ExtraBoldItalic.otf */; };
		42AB1B9F02F44305BCDAB7B1 /* Montserrat-ExtraLight.otf in Resources */ = {isa = PBXBuildFile; fileRef = 06E544B4EDC045639B1B5BE8 /* Montserrat-ExtraLight.otf */; };
		52B5D2127C3846279E310F74 /* Montserrat-ExtraLightItalic.otf in Resources */ = {isa = PBXBuildFile; fileRef = 41A0D384E8534FD08B705B34 /* Montserrat-ExtraLightItalic.otf */; };
		24DE8B55211741D5A605D309 /* Montserrat-Italic.otf in Resources */ = {isa = PBXBuildFile; fileRef = 24417236DEE74678B7629596 /* Montserrat-Italic.otf */; };
		04AB83E2475D4C6BBDAB3930 /* Montserrat-Light.otf in Resources */ = {isa = PBXBuildFile; fileRef = 4CB106101FD94CBBBC8D1E16 /* Montserrat-Light.otf */; };
		079F9866D2434BB180AB5F3C /* Montserrat-LightItalic.otf in Resources */ = {isa = PBXBuildFile; fileRef = A1A7E6B9C8674AA2956901B0 /* Montserrat-LightItalic.otf */; };
		29A78B14EDEB4334863CBBD9 /* Montserrat-Medium.otf in Resources */ = {isa = PBXBuildFile; fileRef = 9F3232BC8767489FA2C609D7 /* Montserrat-Medium.otf */; };
		24EFA01CCBB246B3AEB2583B /* Montserrat-SemiBold.otf in Resources */ = {isa = PBXBuildFile; fileRef = C4403A9242CC44F98BB45DF0 /* Montserrat-SemiBold.otf */; };
		CC50D7D90F6346DFB6818FB7 /* Montserrat-SemiBoldItalic.otf in Resources */ = {isa = PBXBuildFile; fileRef = 402BBE8F7F1E40438BC8A8B5 /* Montserrat-SemiBoldItalic.otf */; };
		8FAD871FE2354D30A0AB8807 /* Montserrat-Thin.otf in Resources */ = {isa = PBXBuildFile; fileRef = D1A0982FD1894FF598D1AC93 /* Montserrat-Thin.otf */; };
		FE8F615003C04105A3B61429 /* Montserrat-ThinItalic.otf in Resources */ = {isa = PBXBuildFile; fileRef = 08F551411B5440B9B1CA2CDB /* Montserrat-ThinItalic.otf */; };
		4B98D32405424B6AB1F75FE1 /* MontserratAlternates-Black.otf in Resources */ = {isa = PBXBuildFile; fileRef = D1067929A45F4DA4BC8203FE /* MontserratAlternates-Black.otf */; };
		A6F16FE09254430D84DACED4 /* MontserratAlternates-BlackItalic.otf in Resources */ = {isa = PBXBuildFile; fileRef = 360F779A75CE4DB1BBFBE5D4 /* MontserratAlternates-BlackItalic.otf */; };
		0335D22C498441A48992703F /* MontserratAlternates-Bold.otf in Resources */ = {isa = PBXBuildFile; fileRef = 7B2CAC5A09704684A78191CC /* MontserratAlternates-Bold.otf */; };
		462C12748593490BA8E43760 /* MontserratAlternates-BoldItalic.otf in Resources */ = {isa = PBXBuildFile; fileRef = 71AFFDAEC5CC4E54B194866B /* MontserratAlternates-BoldItalic.otf */; };
		025560A111EF45A199EF76B1 /* MontserratAlternates-ExtraBold.otf in Resources */ = {isa = PBXBuildFile; fileRef = 6923B4BF523346E9ADE533FE /* MontserratAlternates-ExtraBold.otf */; };
		29B25E99B9454FB1A2D3A924 /* MontserratAlternates-ExtraBoldItalic.otf in Resources */ = {isa = PBXBuildFile; fileRef = 3841DA311EBC482B962287CD /* MontserratAlternates-ExtraBoldItalic.otf */; };
		275E2182ABF5449D936E4DB8 /* MontserratAlternates-ExtraLight.otf in Resources */ = {isa = PBXBuildFile; fileRef = F78AA631020C4D49A309B9F8 /* MontserratAlternates-ExtraLight.otf */; };
		63D2D6F3133E4489BEB7B744 /* MontserratAlternates-ExtraLightItalic.otf in Resources */ = {isa = PBXBuildFile; fileRef = 708FC02EB5734C718D1F854C /* MontserratAlternates-ExtraLightItalic.otf */; };
		9888A4AB8F0F46E491F90172 /* MontserratAlternates-Italic.otf in Resources */ = {isa = PBXBuildFile; fileRef = 25E58909CD3C4CF2AE726DC2 /* MontserratAlternates-Italic.otf */; };
		594BE7C926054E54AEE7DED4 /* MontserratAlternates-Light.otf in Resources */ = {isa = PBXBuildFile; fileRef = 0BFB65B5A90A47BA8E7E6DF2 /* MontserratAlternates-Light.otf */; };
		D64D8D910B134C72B64EFFD1 /* MontserratAlternates-LightItalic.otf in Resources */ = {isa = PBXBuildFile; fileRef = 69302CB5B0DD4307BEB97977 /* MontserratAlternates-LightItalic.otf */; };
		E8310D567F324E74931F0F88 /* MontserratAlternates-Medium.otf in Resources */ = {isa = PBXBuildFile; fileRef = 13A57BD047A64C61AFAA7BA5 /* MontserratAlternates-Medium.otf */; };
		4BF924AC99D5421D92DC72A5 /* MontserratAlternates-MediumItalic.otf in Resources */ = {isa = PBXBuildFile; fileRef = 9938FF5C2F1841E5B2014ABB /* MontserratAlternates-MediumItalic.otf */; };
		A8FA51BE106440F1B301884B /* MontserratAlternates-Regular.otf in Resources */ = {isa = PBXBuildFile; fileRef = A509D4DDB7144052BA8CD3AE /* MontserratAlternates-Regular.otf */; };
		962378F98064405CBA7D92FA /* MontserratAlternates-SemiBold.otf in Resources */ = {isa = PBXBuildFile; fileRef = A9927BEE4F544263BC4C62BE /* MontserratAlternates-SemiBold.otf */; };
		65130A2825A443BFAD552AE7 /* MontserratAlternates-SemiBoldItalic.otf in Resources */ = {isa = PBXBuildFile; fileRef = E9439FDA954D4079A5B1F80C /* MontserratAlternates-SemiBoldItalic.otf */; };
		4F431B307B0144F587DEE445 /* MontserratAlternates-Thin.otf in Resources */ = {isa = PBXBuildFile; fileRef = 67DC390E66934BCAA742AD9C /* MontserratAlternates-Thin.otf */; };
		DDB1B92A44D949E489CC530A /* MontserratAlternates-ThinItalic.otf in Resources */ = {isa = PBXBuildFile; fileRef = 4BC448C9B0AF4DD195367531 /* MontserratAlternates-ThinItalic.otf */; };
		C0AA1939787E4ED88C8B5E1F /* Proxima Nova Alt Bold.otf in Resources */ = {isa = PBXBuildFile; fileRef = 028E712ACD294D79A865151A /* Proxima Nova Alt Bold.otf */; };
		660F1C37E327485C910307D7 /* Proxima Nova Alt Light.otf in Resources */ = {isa = PBXBuildFile; fileRef = 75D06242246148D8ABD4A4E4 /* Proxima Nova Alt Light.otf */; };
		806F3A60ED4F4A79B2025089 /* Proxima Nova Alt Thin.otf in Resources */ = {isa = PBXBuildFile; fileRef = 3E5735D240064824AD6ED12C /* Proxima Nova Alt Thin.otf */; };
		C24B78C17C8645D0BABD369C /* Proxima Nova Black.otf in Resources */ = {isa = PBXBuildFile; fileRef = 66729E73C2634047A0475FAD /* Proxima Nova Black.otf */; };
		A802D9D307244ED9858D173F /* Proxima Nova Bold.otf in Resources */ = {isa = PBXBuildFile; fileRef = 87E52F6C632D4DE6BCF24836 /* Proxima Nova Bold.otf */; };
		8A6EC0E0ABCA43EC8E3DEF47 /* Proxima Nova Extrabold.otf in Resources */ = {isa = PBXBuildFile; fileRef = 960FAD4B14A54F4AB263A542 /* Proxima Nova Extrabold.otf */; };
		182D9516470C43F2935E6E6D /* Proxima Nova Thin.otf in Resources */ = {isa = PBXBuildFile; fileRef = 2BAB1D62ED5E4FEC9442187A /* Proxima Nova Thin.otf */; };
		207AAB1A5F354DDF950CC1B7 /* ProximaNova-Regular.otf in Resources */ = {isa = PBXBuildFile; fileRef = 288F5BC645694B7E82DF7FE4 /* ProximaNova-Regular.otf */; };
/* End PBXBuildFile section */

/* Begin PBXContainerItemProxy section */
		00E356F41AD99517003FC87E /* PBXContainerItemProxy */ = {
			isa = PBXContainerItemProxy;
			containerPortal = 83CBB9F71A601CBA00E9B192 /* Project object */;
			proxyType = 1;
			remoteGlobalIDString = 13B07F861A680F5B00A75B9A;
			remoteInfo = SkinSkan;
		};
		2D02E4911E0B4A5D006451C7 /* PBXContainerItemProxy */ = {
			isa = PBXContainerItemProxy;
			containerPortal = 83CBB9F71A601CBA00E9B192 /* Project object */;
			proxyType = 1;
			remoteGlobalIDString = 2D02E47A1E0B4A5D006451C7;
			remoteInfo = "SkinSkan-tvOS";
		};
/* End PBXContainerItemProxy section */

/* Begin PBXFileReference section */
		008F07F21AC5B25A0029DE68 /* main.jsbundle */ = {isa = PBXFileReference; fileEncoding = 4; lastKnownFileType = text; path = main.jsbundle; sourceTree = "<group>"; };
		00E356EE1AD99517003FC87E /* SkinSkanTests.xctest */ = {isa = PBXFileReference; explicitFileType = wrapper.cfbundle; includeInIndex = 0; path = SkinSkanTests.xctest; sourceTree = BUILT_PRODUCTS_DIR; };
		00E356F11AD99517003FC87E /* Info.plist */ = {isa = PBXFileReference; lastKnownFileType = text.plist.xml; path = Info.plist; sourceTree = "<group>"; };
		00E356F21AD99517003FC87E /* SkinSkanTests.m */ = {isa = PBXFileReference; lastKnownFileType = sourcecode.c.objc; path = SkinSkanTests.m; sourceTree = "<group>"; };
		13B07F961A680F5B00A75B9A /* SkinSkan.app */ = {isa = PBXFileReference; explicitFileType = wrapper.application; includeInIndex = 0; path = SkinSkan.app; sourceTree = BUILT_PRODUCTS_DIR; };
		13B07FAF1A68108700A75B9A /* AppDelegate.h */ = {isa = PBXFileReference; fileEncoding = 4; lastKnownFileType = sourcecode.c.h; name = AppDelegate.h; path = SkinSkan/AppDelegate.h; sourceTree = "<group>"; };
		13B07FB01A68108700A75B9A /* AppDelegate.m */ = {isa = PBXFileReference; fileEncoding = 4; lastKnownFileType = sourcecode.c.objc; name = AppDelegate.m; path = SkinSkan/AppDelegate.m; sourceTree = "<group>"; };
		13B07FB21A68108700A75B9A /* Base */ = {isa = PBXFileReference; lastKnownFileType = file.xib; name = Base; path = Base.lproj/LaunchScreen.xib; sourceTree = "<group>"; };
		13B07FB51A68108700A75B9A /* Images.xcassets */ = {isa = PBXFileReference; lastKnownFileType = folder.assetcatalog; name = Images.xcassets; path = SkinSkan/Images.xcassets; sourceTree = "<group>"; };
		13B07FB61A68108700A75B9A /* Info.plist */ = {isa = PBXFileReference; fileEncoding = 4; lastKnownFileType = text.plist.xml; name = Info.plist; path = SkinSkan/Info.plist; sourceTree = "<group>"; };
		13B07FB71A68108700A75B9A /* main.m */ = {isa = PBXFileReference; fileEncoding = 4; lastKnownFileType = sourcecode.c.objc; name = main.m; path = SkinSkan/main.m; sourceTree = "<group>"; };
		2D02E47B1E0B4A5D006451C7 /* SkinSkan-tvOS.app */ = {isa = PBXFileReference; explicitFileType = wrapper.application; includeInIndex = 0; path = "SkinSkan-tvOS.app"; sourceTree = BUILT_PRODUCTS_DIR; };
		2D02E4901E0B4A5D006451C7 /* SkinSkan-tvOSTests.xctest */ = {isa = PBXFileReference; explicitFileType = wrapper.cfbundle; includeInIndex = 0; path = "SkinSkan-tvOSTests.xctest"; sourceTree = BUILT_PRODUCTS_DIR; };
		ED297162215061F000B7C4FE /* JavaScriptCore.framework */ = {isa = PBXFileReference; lastKnownFileType = wrapper.framework; name = JavaScriptCore.framework; path = System/Library/Frameworks/JavaScriptCore.framework; sourceTree = SDKROOT; };
		ED2971642150620600B7C4FE /* JavaScriptCore.framework */ = {isa = PBXFileReference; lastKnownFileType = wrapper.framework; name = JavaScriptCore.framework; path = Platforms/AppleTVOS.platform/Developer/SDKs/AppleTVOS12.0.sdk/System/Library/Frameworks/JavaScriptCore.framework; sourceTree = DEVELOPER_DIR; };
		FB74E75E8ABD41FD8151CD9B /* Ionicons.ttf */ = {isa = PBXFileReference; name = "Ionicons.ttf"; path = "../node_modules/react-native-ionicons/fonts/Ionicons.ttf"; sourceTree = "<group>"; fileEncoding = undefined; lastKnownFileType = unknown; explicitFileType = undefined; includeInIndex = 0; };
		FDE3F1A514C54878919D3A68 /* Instant Harmony DEMO.otf */ = {isa = PBXFileReference; name = "Instant Harmony DEMO.otf"; path = "../src/fonts/Instant Harmony DEMO.otf"; sourceTree = "<group>"; fileEncoding = undefined; lastKnownFileType = unknown; explicitFileType = undefined; includeInIndex = 0; };
		09B0E57C6C6C464898FCB2DE /* Instant Harmony Lite DEMO.otf */ = {isa = PBXFileReference; name = "Instant Harmony Lite DEMO.otf"; path = "../src/fonts/Instant Harmony Lite DEMO.otf"; sourceTree = "<group>"; fileEncoding = undefined; lastKnownFileType = unknown; explicitFileType = undefined; includeInIndex = 0; };
		C1984C9DC6FE4E5A8D6236A0 /* Moonbright-JRmWo.ttf */ = {isa = PBXFileReference; name = "Moonbright-JRmWo.ttf"; path = "../src/fonts/Moonbright-JRmWo.ttf"; sourceTree = "<group>"; fileEncoding = undefined; lastKnownFileType = unknown; explicitFileType = undefined; includeInIndex = 0; };
		C5C4ADE5BEF74A088F1CC7A4 /* AntDesign.ttf */ = {isa = PBXFileReference; name = "AntDesign.ttf"; path = "../node_modules/react-native-vector-icons/Fonts/AntDesign.ttf"; sourceTree = "<group>"; fileEncoding = undefined; lastKnownFileType = unknown; explicitFileType = undefined; includeInIndex = 0; };
		878D3329CFBD49ACA3819310 /* Entypo.ttf */ = {isa = PBXFileReference; name = "Entypo.ttf"; path = "../node_modules/react-native-vector-icons/Fonts/Entypo.ttf"; sourceTree = "<group>"; fileEncoding = undefined; lastKnownFileType = unknown; explicitFileType = undefined; includeInIndex = 0; };
		1180DC1D68D3469EA2017A77 /* EvilIcons.ttf */ = {isa = PBXFileReference; name = "EvilIcons.ttf"; path = "../node_modules/react-native-vector-icons/Fonts/EvilIcons.ttf"; sourceTree = "<group>"; fileEncoding = undefined; lastKnownFileType = unknown; explicitFileType = undefined; includeInIndex = 0; };
		7FD629ADC74B47858F4D010F /* Feather.ttf */ = {isa = PBXFileReference; name = "Feather.ttf"; path = "../node_modules/react-native-vector-icons/Fonts/Feather.ttf"; sourceTree = "<group>"; fileEncoding = undefined; lastKnownFileType = unknown; explicitFileType = undefined; includeInIndex = 0; };
		6E8AE1BDB6264E21B7F3FE20 /* FontAwesome.ttf */ = {isa = PBXFileReference; name = "FontAwesome.ttf"; path = "../node_modules/react-native-vector-icons/Fonts/FontAwesome.ttf"; sourceTree = "<group>"; fileEncoding = undefined; lastKnownFileType = unknown; explicitFileType = undefined; includeInIndex = 0; };
		0F1A9C75325248D0851A7F2F /* FontAwesome5_Brands.ttf */ = {isa = PBXFileReference; name = "FontAwesome5_Brands.ttf"; path = "../node_modules/react-native-vector-icons/Fonts/FontAwesome5_Brands.ttf"; sourceTree = "<group>"; fileEncoding = undefined; lastKnownFileType = unknown; explicitFileType = undefined; includeInIndex = 0; };
		874FCB57C5A34E14A01BF2F8 /* FontAwesome5_Regular.ttf */ = {isa = PBXFileReference; name = "FontAwesome5_Regular.ttf"; path = "../node_modules/react-native-vector-icons/Fonts/FontAwesome5_Regular.ttf"; sourceTree = "<group>"; fileEncoding = undefined; lastKnownFileType = unknown; explicitFileType = undefined; includeInIndex = 0; };
		2FAB68B2ACF14FD6A13C53E3 /* FontAwesome5_Solid.ttf */ = {isa = PBXFileReference; name = "FontAwesome5_Solid.ttf"; path = "../node_modules/react-native-vector-icons/Fonts/FontAwesome5_Solid.ttf"; sourceTree = "<group>"; fileEncoding = undefined; lastKnownFileType = unknown; explicitFileType = undefined; includeInIndex = 0; };
		3B18A5AEE4B14C569E73808C /* Fontisto.ttf */ = {isa = PBXFileReference; name = "Fontisto.ttf"; path = "../node_modules/react-native-vector-icons/Fonts/Fontisto.ttf"; sourceTree = "<group>"; fileEncoding = undefined; lastKnownFileType = unknown; explicitFileType = undefined; includeInIndex = 0; };
		3109087A81384F31B609BC0E /* Foundation.ttf */ = {isa = PBXFileReference; name = "Foundation.ttf"; path = "../node_modules/react-native-vector-icons/Fonts/Foundation.ttf"; sourceTree = "<group>"; fileEncoding = undefined; lastKnownFileType = unknown; explicitFileType = undefined; includeInIndex = 0; };
		6FE462C79EC9462C9DEB1398 /* MaterialCommunityIcons.ttf */ = {isa = PBXFileReference; name = "MaterialCommunityIcons.ttf"; path = "../node_modules/react-native-vector-icons/Fonts/MaterialCommunityIcons.ttf"; sourceTree = "<group>"; fileEncoding = undefined; lastKnownFileType = unknown; explicitFileType = undefined; includeInIndex = 0; };
		F9B32376470F4AC6AF44C22F /* MaterialIcons.ttf */ = {isa = PBXFileReference; name = "MaterialIcons.ttf"; path = "../node_modules/react-native-vector-icons/Fonts/MaterialIcons.ttf"; sourceTree = "<group>"; fileEncoding = undefined; lastKnownFileType = unknown; explicitFileType = undefined; includeInIndex = 0; };
		8965594E3695491C81C804A0 /* Octicons.ttf */ = {isa = PBXFileReference; name = "Octicons.ttf"; path = "../node_modules/react-native-vector-icons/Fonts/Octicons.ttf"; sourceTree = "<group>"; fileEncoding = undefined; lastKnownFileType = unknown; explicitFileType = undefined; includeInIndex = 0; };
		DD0DAE4C46684828A94BBA26 /* SimpleLineIcons.ttf */ = {isa = PBXFileReference; name = "SimpleLineIcons.ttf"; path = "../node_modules/react-native-vector-icons/Fonts/SimpleLineIcons.ttf"; sourceTree = "<group>"; fileEncoding = undefined; lastKnownFileType = unknown; explicitFileType = undefined; includeInIndex = 0; };
		4619611D24DD4DF5940F3511 /* Zocial.ttf */ = {isa = PBXFileReference; name = "Zocial.ttf"; path = "../node_modules/react-native-vector-icons/Fonts/Zocial.ttf"; sourceTree = "<group>"; fileEncoding = undefined; lastKnownFileType = unknown; explicitFileType = undefined; includeInIndex = 0; };
		4E79A9BF6A034F539AD9C58D /* Montserrat-Regular.otf */ = {isa = PBXFileReference; name = "Montserrat-Regular.otf"; path = "../src/fonts/Montserrat-Regular.otf"; sourceTree = "<group>"; fileEncoding = undefined; lastKnownFileType = unknown; explicitFileType = undefined; includeInIndex = 0; };
		FBC2A93223654C498F6833AF /* Montserrat-MediumItalic.otf */ = {isa = PBXFileReference; name = "Montserrat-MediumItalic.otf"; path = "../src/fonts/Montserrat-MediumItalic.otf"; sourceTree = "<group>"; fileEncoding = undefined; lastKnownFileType = unknown; explicitFileType = undefined; includeInIndex = 0; };
		BB0B78391C4C4A16B6A886B4 /* FontsFree-Net-Proxima-Nova-Bold.otf */ = {isa = PBXFileReference; name = "FontsFree-Net-Proxima-Nova-Bold.otf"; path = "../src/fonts/FontsFree-Net-Proxima-Nova-Bold.otf"; sourceTree = "<group>"; fileEncoding = undefined; lastKnownFileType = unknown; explicitFileType = undefined; includeInIndex = 0; };
		522711318E42432DB9F57F2F /* FontsFree-Net-Proxima-Nova-Thin.otf */ = {isa = PBXFileReference; name = "FontsFree-Net-Proxima-Nova-Thin.otf"; path = "../src/fonts/FontsFree-Net-Proxima-Nova-Thin.otf"; sourceTree = "<group>"; fileEncoding = undefined; lastKnownFileType = unknown; explicitFileType = undefined; includeInIndex = 0; };
		1B659D8EA68946B6835E3813 /* Proxima Nova Th.otf */ = {isa = PBXFileReference; name = "Proxima Nova Th.otf"; path = "../src/fonts/Proxima Nova Th.otf"; sourceTree = "<group>"; fileEncoding = undefined; lastKnownFileType = unknown; explicitFileType = undefined; includeInIndex = 0; };
		98AFEEC1951F4B47A9E9ABD0 /* Montserrat-ExtraBold.otf */ = {isa = PBXFileReference; name = "Montserrat-ExtraBold.otf"; path = "../src/fonts/Montserrat-ExtraBold.otf"; sourceTree = "<group>"; fileEncoding = undefined; lastKnownFileType = unknown; explicitFileType = undefined; includeInIndex = 0; };
		C355B046B6B04CE6B309D84C /* Montserrat-Bold.otf */ = {isa = PBXFileReference; name = "Montserrat-Bold.otf"; path = "../src/fonts/Montserrat-Bold.otf"; sourceTree = "<group>"; fileEncoding = undefined; lastKnownFileType = unknown; explicitFileType = undefined; includeInIndex = 0; };
		2F5FB268B99D4903B99703DC /* Montserrat-Black.otf */ = {isa = PBXFileReference; name = "Montserrat-Black.otf"; path = "../src/fonts/Montserrat-Black.otf"; sourceTree = "<group>"; fileEncoding = undefined; lastKnownFileType = unknown; explicitFileType = undefined; includeInIndex = 0; };
		CC65BAD6351A4E3C888B5768 /* Montserrat-BlackItalic.otf */ = {isa = PBXFileReference; name = "Montserrat-BlackItalic.otf"; path = "../src/fonts/Montserrat-BlackItalic.otf"; sourceTree = "<group>"; fileEncoding = undefined; lastKnownFileType = unknown; explicitFileType = undefined; includeInIndex = 0; };
		4C82D9EC68DE4E2BB64B61E5 /* Montserrat-BoldItalic.otf */ = {isa = PBXFileReference; name = "Montserrat-BoldItalic.otf"; path = "../src/fonts/Montserrat-BoldItalic.otf"; sourceTree = "<group>"; fileEncoding = undefined; lastKnownFileType = unknown; explicitFileType = undefined; includeInIndex = 0; };
		3FB3A5A5285B4A32B071CC3F /* Montserrat-ExtraBoldItalic.otf */ = {isa = PBXFileReference; name = "Montserrat-ExtraBoldItalic.otf"; path = "../src/fonts/Montserrat-ExtraBoldItalic.otf"; sourceTree = "<group>"; fileEncoding = undefined; lastKnownFileType = unknown; explicitFileType = undefined; includeInIndex = 0; };
		06E544B4EDC045639B1B5BE8 /* Montserrat-ExtraLight.otf */ = {isa = PBXFileReference; name = "Montserrat-ExtraLight.otf"; path = "../src/fonts/Montserrat-ExtraLight.otf"; sourceTree = "<group>"; fileEncoding = undefined; lastKnownFileType = unknown; explicitFileType = undefined; includeInIndex = 0; };
		41A0D384E8534FD08B705B34 /* Montserrat-ExtraLightItalic.otf */ = {isa = PBXFileReference; name = "Montserrat-ExtraLightItalic.otf"; path = "../src/fonts/Montserrat-ExtraLightItalic.otf"; sourceTree = "<group>"; fileEncoding = undefined; lastKnownFileType = unknown; explicitFileType = undefined; includeInIndex = 0; };
		24417236DEE74678B7629596 /* Montserrat-Italic.otf */ = {isa = PBXFileReference; name = "Montserrat-Italic.otf"; path = "../src/fonts/Montserrat-Italic.otf"; sourceTree = "<group>"; fileEncoding = undefined; lastKnownFileType = unknown; explicitFileType = undefined; includeInIndex = 0; };
		4CB106101FD94CBBBC8D1E16 /* Montserrat-Light.otf */ = {isa = PBXFileReference; name = "Montserrat-Light.otf"; path = "../src/fonts/Montserrat-Light.otf"; sourceTree = "<group>"; fileEncoding = undefined; lastKnownFileType = unknown; explicitFileType = undefined; includeInIndex = 0; };
		A1A7E6B9C8674AA2956901B0 /* Montserrat-LightItalic.otf */ = {isa = PBXFileReference; name = "Montserrat-LightItalic.otf"; path = "../src/fonts/Montserrat-LightItalic.otf"; sourceTree = "<group>"; fileEncoding = undefined; lastKnownFileType = unknown; explicitFileType = undefined; includeInIndex = 0; };
		9F3232BC8767489FA2C609D7 /* Montserrat-Medium.otf */ = {isa = PBXFileReference; name = "Montserrat-Medium.otf"; path = "../src/fonts/Montserrat-Medium.otf"; sourceTree = "<group>"; fileEncoding = undefined; lastKnownFileType = unknown; explicitFileType = undefined; includeInIndex = 0; };
		C4403A9242CC44F98BB45DF0 /* Montserrat-SemiBold.otf */ = {isa = PBXFileReference; name = "Montserrat-SemiBold.otf"; path = "../src/fonts/Montserrat-SemiBold.otf"; sourceTree = "<group>"; fileEncoding = undefined; lastKnownFileType = unknown; explicitFileType = undefined; includeInIndex = 0; };
		402BBE8F7F1E40438BC8A8B5 /* Montserrat-SemiBoldItalic.otf */ = {isa = PBXFileReference; name = "Montserrat-SemiBoldItalic.otf"; path = "../src/fonts/Montserrat-SemiBoldItalic.otf"; sourceTree = "<group>"; fileEncoding = undefined; lastKnownFileType = unknown; explicitFileType = undefined; includeInIndex = 0; };
		D1A0982FD1894FF598D1AC93 /* Montserrat-Thin.otf */ = {isa = PBXFileReference; name = "Montserrat-Thin.otf"; path = "../src/fonts/Montserrat-Thin.otf"; sourceTree = "<group>"; fileEncoding = undefined; lastKnownFileType = unknown; explicitFileType = undefined; includeInIndex = 0; };
		08F551411B5440B9B1CA2CDB /* Montserrat-ThinItalic.otf */ = {isa = PBXFileReference; name = "Montserrat-ThinItalic.otf"; path = "../src/fonts/Montserrat-ThinItalic.otf"; sourceTree = "<group>"; fileEncoding = undefined; lastKnownFileType = unknown; explicitFileType = undefined; includeInIndex = 0; };
		D1067929A45F4DA4BC8203FE /* MontserratAlternates-Black.otf */ = {isa = PBXFileReference; name = "MontserratAlternates-Black.otf"; path = "../src/fonts/MontserratAlternates-Black.otf"; sourceTree = "<group>"; fileEncoding = undefined; lastKnownFileType = unknown; explicitFileType = undefined; includeInIndex = 0; };
		360F779A75CE4DB1BBFBE5D4 /* MontserratAlternates-BlackItalic.otf */ = {isa = PBXFileReference; name = "MontserratAlternates-BlackItalic.otf"; path = "../src/fonts/MontserratAlternates-BlackItalic.otf"; sourceTree = "<group>"; fileEncoding = undefined; lastKnownFileType = unknown; explicitFileType = undefined; includeInIndex = 0; };
		7B2CAC5A09704684A78191CC /* MontserratAlternates-Bold.otf */ = {isa = PBXFileReference; name = "MontserratAlternates-Bold.otf"; path = "../src/fonts/MontserratAlternates-Bold.otf"; sourceTree = "<group>"; fileEncoding = undefined; lastKnownFileType = unknown; explicitFileType = undefined; includeInIndex = 0; };
		71AFFDAEC5CC4E54B194866B /* MontserratAlternates-BoldItalic.otf */ = {isa = PBXFileReference; name = "MontserratAlternates-BoldItalic.otf"; path = "../src/fonts/MontserratAlternates-BoldItalic.otf"; sourceTree = "<group>"; fileEncoding = undefined; lastKnownFileType = unknown; explicitFileType = undefined; includeInIndex = 0; };
		6923B4BF523346E9ADE533FE /* MontserratAlternates-ExtraBold.otf */ = {isa = PBXFileReference; name = "MontserratAlternates-ExtraBold.otf"; path = "../src/fonts/MontserratAlternates-ExtraBold.otf"; sourceTree = "<group>"; fileEncoding = undefined; lastKnownFileType = unknown; explicitFileType = undefined; includeInIndex = 0; };
		3841DA311EBC482B962287CD /* MontserratAlternates-ExtraBoldItalic.otf */ = {isa = PBXFileReference; name = "MontserratAlternates-ExtraBoldItalic.otf"; path = "../src/fonts/MontserratAlternates-ExtraBoldItalic.otf"; sourceTree = "<group>"; fileEncoding = undefined; lastKnownFileType = unknown; explicitFileType = undefined; includeInIndex = 0; };
		F78AA631020C4D49A309B9F8 /* MontserratAlternates-ExtraLight.otf */ = {isa = PBXFileReference; name = "MontserratAlternates-ExtraLight.otf"; path = "../src/fonts/MontserratAlternates-ExtraLight.otf"; sourceTree = "<group>"; fileEncoding = undefined; lastKnownFileType = unknown; explicitFileType = undefined; includeInIndex = 0; };
		708FC02EB5734C718D1F854C /* MontserratAlternates-ExtraLightItalic.otf */ = {isa = PBXFileReference; name = "MontserratAlternates-ExtraLightItalic.otf"; path = "../src/fonts/MontserratAlternates-ExtraLightItalic.otf"; sourceTree = "<group>"; fileEncoding = undefined; lastKnownFileType = unknown; explicitFileType = undefined; includeInIndex = 0; };
		25E58909CD3C4CF2AE726DC2 /* MontserratAlternates-Italic.otf */ = {isa = PBXFileReference; name = "MontserratAlternates-Italic.otf"; path = "../src/fonts/MontserratAlternates-Italic.otf"; sourceTree = "<group>"; fileEncoding = undefined; lastKnownFileType = unknown; explicitFileType = undefined; includeInIndex = 0; };
		0BFB65B5A90A47BA8E7E6DF2 /* MontserratAlternates-Light.otf */ = {isa = PBXFileReference; name = "MontserratAlternates-Light.otf"; path = "../src/fonts/MontserratAlternates-Light.otf"; sourceTree = "<group>"; fileEncoding = undefined; lastKnownFileType = unknown; explicitFileType = undefined; includeInIndex = 0; };
		69302CB5B0DD4307BEB97977 /* MontserratAlternates-LightItalic.otf */ = {isa = PBXFileReference; name = "MontserratAlternates-LightItalic.otf"; path = "../src/fonts/MontserratAlternates-LightItalic.otf"; sourceTree = "<group>"; fileEncoding = undefined; lastKnownFileType = unknown; explicitFileType = undefined; includeInIndex = 0; };
		13A57BD047A64C61AFAA7BA5 /* MontserratAlternates-Medium.otf */ = {isa = PBXFileReference; name = "MontserratAlternates-Medium.otf"; path = "../src/fonts/MontserratAlternates-Medium.otf"; sourceTree = "<group>"; fileEncoding = undefined; lastKnownFileType = unknown; explicitFileType = undefined; includeInIndex = 0; };
		9938FF5C2F1841E5B2014ABB /* MontserratAlternates-MediumItalic.otf */ = {isa = PBXFileReference; name = "MontserratAlternates-MediumItalic.otf"; path = "../src/fonts/MontserratAlternates-MediumItalic.otf"; sourceTree = "<group>"; fileEncoding = undefined; lastKnownFileType = unknown; explicitFileType = undefined; includeInIndex = 0; };
		A509D4DDB7144052BA8CD3AE /* MontserratAlternates-Regular.otf */ = {isa = PBXFileReference; name = "MontserratAlternates-Regular.otf"; path = "../src/fonts/MontserratAlternates-Regular.otf"; sourceTree = "<group>"; fileEncoding = undefined; lastKnownFileType = unknown; explicitFileType = undefined; includeInIndex = 0; };
		A9927BEE4F544263BC4C62BE /* MontserratAlternates-SemiBold.otf */ = {isa = PBXFileReference; name = "MontserratAlternates-SemiBold.otf"; path = "../src/fonts/MontserratAlternates-SemiBold.otf"; sourceTree = "<group>"; fileEncoding = undefined; lastKnownFileType = unknown; explicitFileType = undefined; includeInIndex = 0; };
		E9439FDA954D4079A5B1F80C /* MontserratAlternates-SemiBoldItalic.otf */ = {isa = PBXFileReference; name = "MontserratAlternates-SemiBoldItalic.otf"; path = "../src/fonts/MontserratAlternates-SemiBoldItalic.otf"; sourceTree = "<group>"; fileEncoding = undefined; lastKnownFileType = unknown; explicitFileType = undefined; includeInIndex = 0; };
		67DC390E66934BCAA742AD9C /* MontserratAlternates-Thin.otf */ = {isa = PBXFileReference; name = "MontserratAlternates-Thin.otf"; path = "../src/fonts/MontserratAlternates-Thin.otf"; sourceTree = "<group>"; fileEncoding = undefined; lastKnownFileType = unknown; explicitFileType = undefined; includeInIndex = 0; };
		4BC448C9B0AF4DD195367531 /* MontserratAlternates-ThinItalic.otf */ = {isa = PBXFileReference; name = "MontserratAlternates-ThinItalic.otf"; path = "../src/fonts/MontserratAlternates-ThinItalic.otf"; sourceTree = "<group>"; fileEncoding = undefined; lastKnownFileType = unknown; explicitFileType = undefined; includeInIndex = 0; };
		028E712ACD294D79A865151A /* Proxima Nova Alt Bold.otf */ = {isa = PBXFileReference; name = "Proxima Nova Alt Bold.otf"; path = "../src/fonts/Proxima Nova Alt Bold.otf"; sourceTree = "<group>"; fileEncoding = undefined; lastKnownFileType = unknown; explicitFileType = undefined; includeInIndex = 0; };
		75D06242246148D8ABD4A4E4 /* Proxima Nova Alt Light.otf */ = {isa = PBXFileReference; name = "Proxima Nova Alt Light.otf"; path = "../src/fonts/Proxima Nova Alt Light.otf"; sourceTree = "<group>"; fileEncoding = undefined; lastKnownFileType = unknown; explicitFileType = undefined; includeInIndex = 0; };
		3E5735D240064824AD6ED12C /* Proxima Nova Alt Thin.otf */ = {isa = PBXFileReference; name = "Proxima Nova Alt Thin.otf"; path = "../src/fonts/Proxima Nova Alt Thin.otf"; sourceTree = "<group>"; fileEncoding = undefined; lastKnownFileType = unknown; explicitFileType = undefined; includeInIndex = 0; };
		66729E73C2634047A0475FAD /* Proxima Nova Black.otf */ = {isa = PBXFileReference; name = "Proxima Nova Black.otf"; path = "../src/fonts/Proxima Nova Black.otf"; sourceTree = "<group>"; fileEncoding = undefined; lastKnownFileType = unknown; explicitFileType = undefined; includeInIndex = 0; };
		87E52F6C632D4DE6BCF24836 /* Proxima Nova Bold.otf */ = {isa = PBXFileReference; name = "Proxima Nova Bold.otf"; path = "../src/fonts/Proxima Nova Bold.otf"; sourceTree = "<group>"; fileEncoding = undefined; lastKnownFileType = unknown; explicitFileType = undefined; includeInIndex = 0; };
		960FAD4B14A54F4AB263A542 /* Proxima Nova Extrabold.otf */ = {isa = PBXFileReference; name = "Proxima Nova Extrabold.otf"; path = "../src/fonts/Proxima Nova Extrabold.otf"; sourceTree = "<group>"; fileEncoding = undefined; lastKnownFileType = unknown; explicitFileType = undefined; includeInIndex = 0; };
		2BAB1D62ED5E4FEC9442187A /* Proxima Nova Thin.otf */ = {isa = PBXFileReference; name = "Proxima Nova Thin.otf"; path = "../src/fonts/Proxima Nova Thin.otf"; sourceTree = "<group>"; fileEncoding = undefined; lastKnownFileType = unknown; explicitFileType = undefined; includeInIndex = 0; };
		288F5BC645694B7E82DF7FE4 /* ProximaNova-Regular.otf */ = {isa = PBXFileReference; name = "ProximaNova-Regular.otf"; path = "../src/fonts/ProximaNova-Regular.otf"; sourceTree = "<group>"; fileEncoding = undefined; lastKnownFileType = unknown; explicitFileType = undefined; includeInIndex = 0; };
/* End PBXFileReference section */

/* Begin PBXFrameworksBuildPhase section */
		00E356EB1AD99517003FC87E /* Frameworks */ = {
			isa = PBXFrameworksBuildPhase;
			buildActionMask = 2147483647;
			files = (
			);
			runOnlyForDeploymentPostprocessing = 0;
		};
		13B07F8C1A680F5B00A75B9A /* Frameworks */ = {
			isa = PBXFrameworksBuildPhase;
			buildActionMask = 2147483647;
			files = (
			);
			runOnlyForDeploymentPostprocessing = 0;
		};
		2D02E4781E0B4A5D006451C7 /* Frameworks */ = {
			isa = PBXFrameworksBuildPhase;
			buildActionMask = 2147483647;
			files = (
			);
			runOnlyForDeploymentPostprocessing = 0;
		};
		2D02E48D1E0B4A5D006451C7 /* Frameworks */ = {
			isa = PBXFrameworksBuildPhase;
			buildActionMask = 2147483647;
			files = (
			);
			runOnlyForDeploymentPostprocessing = 0;
		};
/* End PBXFrameworksBuildPhase section */

/* Begin PBXGroup section */
		00E356EF1AD99517003FC87E /* SkinSkanTests */ = {
			isa = PBXGroup;
			children = (
				00E356F21AD99517003FC87E /* SkinSkanTests.m */,
				00E356F01AD99517003FC87E /* Supporting Files */,
			);
			path = SkinSkanTests;
			sourceTree = "<group>";
		};
		00E356F01AD99517003FC87E /* Supporting Files */ = {
			isa = PBXGroup;
			children = (
				00E356F11AD99517003FC87E /* Info.plist */,
			);
			name = "Supporting Files";
			sourceTree = "<group>";
		};
		13B07FAE1A68108700A75B9A /* SkinSkan */ = {
			isa = PBXGroup;
			children = (
				008F07F21AC5B25A0029DE68 /* main.jsbundle */,
				13B07FAF1A68108700A75B9A /* AppDelegate.h */,
				13B07FB01A68108700A75B9A /* AppDelegate.m */,
				13B07FB51A68108700A75B9A /* Images.xcassets */,
				13B07FB61A68108700A75B9A /* Info.plist */,
				13B07FB11A68108700A75B9A /* LaunchScreen.xib */,
				13B07FB71A68108700A75B9A /* main.m */,
			);
			name = SkinSkan;
			sourceTree = "<group>";
		};
		2D16E6871FA4F8E400B85C8A /* Frameworks */ = {
			isa = PBXGroup;
			children = (
				ED297162215061F000B7C4FE /* JavaScriptCore.framework */,
				ED2971642150620600B7C4FE /* JavaScriptCore.framework */,
			);
			name = Frameworks;
			sourceTree = "<group>";
		};
		832341AE1AAA6A7D00B99B32 /* Libraries */ = {
			isa = PBXGroup;
			children = (
			);
			name = Libraries;
			sourceTree = "<group>";
		};
		83CBB9F61A601CBA00E9B192 = {
			isa = PBXGroup;
			children = (
				13B07FAE1A68108700A75B9A /* SkinSkan */,
				832341AE1AAA6A7D00B99B32 /* Libraries */,
				00E356EF1AD99517003FC87E /* SkinSkanTests */,
				83CBBA001A601CBA00E9B192 /* Products */,
				2D16E6871FA4F8E400B85C8A /* Frameworks */,
				4FC0A7BBB3CF49969404B532 /* Resources */,
			);
			indentWidth = 2;
			sourceTree = "<group>";
			tabWidth = 2;
			usesTabs = 0;
		};
		83CBBA001A601CBA00E9B192 /* Products */ = {
			isa = PBXGroup;
			children = (
				13B07F961A680F5B00A75B9A /* SkinSkan.app */,
				00E356EE1AD99517003FC87E /* SkinSkanTests.xctest */,
				2D02E47B1E0B4A5D006451C7 /* SkinSkan-tvOS.app */,
				2D02E4901E0B4A5D006451C7 /* SkinSkan-tvOSTests.xctest */,
			);
			name = Products;
			sourceTree = "<group>";
		};
		4FC0A7BBB3CF49969404B532 /* Resources */ = {
			isa = "PBXGroup";
			children = (
				FB74E75E8ABD41FD8151CD9B /* Ionicons.ttf */,
				FDE3F1A514C54878919D3A68 /* Instant Harmony DEMO.otf */,
				09B0E57C6C6C464898FCB2DE /* Instant Harmony Lite DEMO.otf */,
				C1984C9DC6FE4E5A8D6236A0 /* Moonbright-JRmWo.ttf */,
				C5C4ADE5BEF74A088F1CC7A4 /* AntDesign.ttf */,
				878D3329CFBD49ACA3819310 /* Entypo.ttf */,
				1180DC1D68D3469EA2017A77 /* EvilIcons.ttf */,
				7FD629ADC74B47858F4D010F /* Feather.ttf */,
				6E8AE1BDB6264E21B7F3FE20 /* FontAwesome.ttf */,
				0F1A9C75325248D0851A7F2F /* FontAwesome5_Brands.ttf */,
				874FCB57C5A34E14A01BF2F8 /* FontAwesome5_Regular.ttf */,
				2FAB68B2ACF14FD6A13C53E3 /* FontAwesome5_Solid.ttf */,
				3B18A5AEE4B14C569E73808C /* Fontisto.ttf */,
				3109087A81384F31B609BC0E /* Foundation.ttf */,
				6FE462C79EC9462C9DEB1398 /* MaterialCommunityIcons.ttf */,
				F9B32376470F4AC6AF44C22F /* MaterialIcons.ttf */,
				8965594E3695491C81C804A0 /* Octicons.ttf */,
				DD0DAE4C46684828A94BBA26 /* SimpleLineIcons.ttf */,
				4619611D24DD4DF5940F3511 /* Zocial.ttf */,
				4E79A9BF6A034F539AD9C58D /* Montserrat-Regular.otf */,
				FBC2A93223654C498F6833AF /* Montserrat-MediumItalic.otf */,
				BB0B78391C4C4A16B6A886B4 /* FontsFree-Net-Proxima-Nova-Bold.otf */,
				522711318E42432DB9F57F2F /* FontsFree-Net-Proxima-Nova-Thin.otf */,
				1B659D8EA68946B6835E3813 /* Proxima Nova Th.otf */,
				98AFEEC1951F4B47A9E9ABD0 /* Montserrat-ExtraBold.otf */,
				C355B046B6B04CE6B309D84C /* Montserrat-Bold.otf */,
				2F5FB268B99D4903B99703DC /* Montserrat-Black.otf */,
				CC65BAD6351A4E3C888B5768 /* Montserrat-BlackItalic.otf */,
				4C82D9EC68DE4E2BB64B61E5 /* Montserrat-BoldItalic.otf */,
				3FB3A5A5285B4A32B071CC3F /* Montserrat-ExtraBoldItalic.otf */,
				06E544B4EDC045639B1B5BE8 /* Montserrat-ExtraLight.otf */,
				41A0D384E8534FD08B705B34 /* Montserrat-ExtraLightItalic.otf */,
				24417236DEE74678B7629596 /* Montserrat-Italic.otf */,
				4CB106101FD94CBBBC8D1E16 /* Montserrat-Light.otf */,
				A1A7E6B9C8674AA2956901B0 /* Montserrat-LightItalic.otf */,
				9F3232BC8767489FA2C609D7 /* Montserrat-Medium.otf */,
				C4403A9242CC44F98BB45DF0 /* Montserrat-SemiBold.otf */,
				402BBE8F7F1E40438BC8A8B5 /* Montserrat-SemiBoldItalic.otf */,
				D1A0982FD1894FF598D1AC93 /* Montserrat-Thin.otf */,
				08F551411B5440B9B1CA2CDB /* Montserrat-ThinItalic.otf */,
				D1067929A45F4DA4BC8203FE /* MontserratAlternates-Black.otf */,
				360F779A75CE4DB1BBFBE5D4 /* MontserratAlternates-BlackItalic.otf */,
				7B2CAC5A09704684A78191CC /* MontserratAlternates-Bold.otf */,
				71AFFDAEC5CC4E54B194866B /* MontserratAlternates-BoldItalic.otf */,
				6923B4BF523346E9ADE533FE /* MontserratAlternates-ExtraBold.otf */,
				3841DA311EBC482B962287CD /* MontserratAlternates-ExtraBoldItalic.otf */,
				F78AA631020C4D49A309B9F8 /* MontserratAlternates-ExtraLight.otf */,
				708FC02EB5734C718D1F854C /* MontserratAlternates-ExtraLightItalic.otf */,
				25E58909CD3C4CF2AE726DC2 /* MontserratAlternates-Italic.otf */,
				0BFB65B5A90A47BA8E7E6DF2 /* MontserratAlternates-Light.otf */,
				69302CB5B0DD4307BEB97977 /* MontserratAlternates-LightItalic.otf */,
				13A57BD047A64C61AFAA7BA5 /* MontserratAlternates-Medium.otf */,
				9938FF5C2F1841E5B2014ABB /* MontserratAlternates-MediumItalic.otf */,
				A509D4DDB7144052BA8CD3AE /* MontserratAlternates-Regular.otf */,
				A9927BEE4F544263BC4C62BE /* MontserratAlternates-SemiBold.otf */,
				E9439FDA954D4079A5B1F80C /* MontserratAlternates-SemiBoldItalic.otf */,
				67DC390E66934BCAA742AD9C /* MontserratAlternates-Thin.otf */,
				4BC448C9B0AF4DD195367531 /* MontserratAlternates-ThinItalic.otf */,
				028E712ACD294D79A865151A /* Proxima Nova Alt Bold.otf */,
				75D06242246148D8ABD4A4E4 /* Proxima Nova Alt Light.otf */,
				3E5735D240064824AD6ED12C /* Proxima Nova Alt Thin.otf */,
				66729E73C2634047A0475FAD /* Proxima Nova Black.otf */,
				87E52F6C632D4DE6BCF24836 /* Proxima Nova Bold.otf */,
				960FAD4B14A54F4AB263A542 /* Proxima Nova Extrabold.otf */,
				2BAB1D62ED5E4FEC9442187A /* Proxima Nova Thin.otf */,
				288F5BC645694B7E82DF7FE4 /* ProximaNova-Regular.otf */,
			);
			name = Resources;
			sourceTree = "<group>";
			path = "";
		};
/* End PBXGroup section */

/* Begin PBXNativeTarget section */
		00E356ED1AD99517003FC87E /* SkinSkanTests */ = {
			isa = PBXNativeTarget;
			buildConfigurationList = 00E357021AD99517003FC87E /* Build configuration list for PBXNativeTarget "SkinSkanTests" */;
			buildPhases = (
				00E356EA1AD99517003FC87E /* Sources */,
				00E356EB1AD99517003FC87E /* Frameworks */,
				00E356EC1AD99517003FC87E /* Resources */,
			);
			buildRules = (
			);
			dependencies = (
				00E356F51AD99517003FC87E /* PBXTargetDependency */,
			);
			name = SkinSkanTests;
			productName = SkinSkanTests;
			productReference = 00E356EE1AD99517003FC87E /* SkinSkanTests.xctest */;
			productType = "com.apple.product-type.bundle.unit-test";
		};
		13B07F861A680F5B00A75B9A /* SkinSkan */ = {
			isa = PBXNativeTarget;
			buildConfigurationList = 13B07F931A680F5B00A75B9A /* Build configuration list for PBXNativeTarget "SkinSkan" */;
			buildPhases = (
				FD10A7F022414F080027D42C /* Start Packager */,
				13B07F871A680F5B00A75B9A /* Sources */,
				13B07F8C1A680F5B00A75B9A /* Frameworks */,
				13B07F8E1A680F5B00A75B9A /* Resources */,
				00DD1BFF1BD5951E006B06BC /* Bundle React Native code and images */,
			);
			buildRules = (
			);
			dependencies = (
			);
			name = SkinSkan;
			productName = "SkinSkan";
			productReference = 13B07F961A680F5B00A75B9A /* SkinSkan.app */;
			productType = "com.apple.product-type.application";
		};
		2D02E47A1E0B4A5D006451C7 /* SkinSkan-tvOS */ = {
			isa = PBXNativeTarget;
			buildConfigurationList = 2D02E4BA1E0B4A5E006451C7 /* Build configuration list for PBXNativeTarget "SkinSkan-tvOS" */;
			buildPhases = (
				FD10A7F122414F3F0027D42C /* Start Packager */,
				2D02E4771E0B4A5D006451C7 /* Sources */,
				2D02E4781E0B4A5D006451C7 /* Frameworks */,
				2D02E4791E0B4A5D006451C7 /* Resources */,
				2D02E4CB1E0B4B27006451C7 /* Bundle React Native Code And Images */,
			);
			buildRules = (
			);
			dependencies = (
			);
			name = "SkinSkan-tvOS";
			productName = "SkinSkan-tvOS";
			productReference = 2D02E47B1E0B4A5D006451C7 /* SkinSkan-tvOS.app */;
			productType = "com.apple.product-type.application";
		};
		2D02E48F1E0B4A5D006451C7 /* SkinSkan-tvOSTests */ = {
			isa = PBXNativeTarget;
			buildConfigurationList = 2D02E4BB1E0B4A5E006451C7 /* Build configuration list for PBXNativeTarget "SkinSkan-tvOSTests" */;
			buildPhases = (
				2D02E48C1E0B4A5D006451C7 /* Sources */,
				2D02E48D1E0B4A5D006451C7 /* Frameworks */,
				2D02E48E1E0B4A5D006451C7 /* Resources */,
			);
			buildRules = (
			);
			dependencies = (
				2D02E4921E0B4A5D006451C7 /* PBXTargetDependency */,
			);
			name = "SkinSkan-tvOSTests";
			productName = "SkinSkan-tvOSTests";
			productReference = 2D02E4901E0B4A5D006451C7 /* SkinSkan-tvOSTests.xctest */;
			productType = "com.apple.product-type.bundle.unit-test";
		};
/* End PBXNativeTarget section */

/* Begin PBXProject section */
		83CBB9F71A601CBA00E9B192 /* Project object */ = {
			isa = PBXProject;
			attributes = {
				LastUpgradeCheck = 940;
				ORGANIZATIONNAME = Facebook;
				TargetAttributes = {
					00E356ED1AD99517003FC87E = {
						CreatedOnToolsVersion = 6.2;
						TestTargetID = 13B07F861A680F5B00A75B9A;
					};
					2D02E47A1E0B4A5D006451C7 = {
						CreatedOnToolsVersion = 8.2.1;
						ProvisioningStyle = Automatic;
					};
					2D02E48F1E0B4A5D006451C7 = {
						CreatedOnToolsVersion = 8.2.1;
						ProvisioningStyle = Automatic;
						TestTargetID = 2D02E47A1E0B4A5D006451C7;
					};
				};
			};
			buildConfigurationList = 83CBB9FA1A601CBA00E9B192 /* Build configuration list for PBXProject "SkinSkan" */;
			compatibilityVersion = "Xcode 3.2";
			developmentRegion = English;
			hasScannedForEncodings = 0;
			knownRegions = (
				en,
				Base,
			);
			mainGroup = 83CBB9F61A601CBA00E9B192;
			productRefGroup = 83CBBA001A601CBA00E9B192 /* Products */;
			projectDirPath = "";
			projectRoot = "";
			targets = (
				13B07F861A680F5B00A75B9A /* SkinSkan */,
				00E356ED1AD99517003FC87E /* SkinSkanTests */,
				2D02E47A1E0B4A5D006451C7 /* SkinSkan-tvOS */,
				2D02E48F1E0B4A5D006451C7 /* SkinSkan-tvOSTests */,
			);
		};
/* End PBXProject section */

/* Begin PBXResourcesBuildPhase section */
		00E356EC1AD99517003FC87E /* Resources */ = {
			isa = PBXResourcesBuildPhase;
			buildActionMask = 2147483647;
			files = (
			);
			runOnlyForDeploymentPostprocessing = 0;
		};
		13B07F8E1A680F5B00A75B9A /* Resources */ = {
			isa = PBXResourcesBuildPhase;
			buildActionMask = 2147483647;
			files = (
				13B07FBF1A68108700A75B9A /* Images.xcassets in Resources */,
				13B07FBD1A68108700A75B9A /* LaunchScreen.xib in Resources */,
				34C6B74F4B1643B6A06F767F /* Ionicons.ttf in Resources */,
				A254B1751EEA46CF8E41C6AD /* Instant Harmony DEMO.otf in Resources */,
				F61DB7E04AC74FE78659FC77 /* Instant Harmony Lite DEMO.otf in Resources */,
				8F7C4FA0F14940A08684D6E2 /* Moonbright-JRmWo.ttf in Resources */,
				23C967D5E6E64B72BF453AC8 /* AntDesign.ttf in Resources */,
				136B24373DD74E30825F9545 /* Entypo.ttf in Resources */,
				700513F397FA4CA881CD6DE1 /* EvilIcons.ttf in Resources */,
				773651CB9E3D4194B0141546 /* Feather.ttf in Resources */,
				31029D1678164009A5F6BCA0 /* FontAwesome.ttf in Resources */,
				763E5F4A11B24E349D57C06C /* FontAwesome5_Brands.ttf in Resources */,
				97684DEC698841E9A68DDB94 /* FontAwesome5_Regular.ttf in Resources */,
				B17EF33C0D004A1D90EF4339 /* FontAwesome5_Solid.ttf in Resources */,
				82FB50879F40428E9940FF1B /* Fontisto.ttf in Resources */,
				C05D78275075428B92FAF7F4 /* Foundation.ttf in Resources */,
				388894AF4E4B464C95AA283D /* MaterialCommunityIcons.ttf in Resources */,
				90B3CAC3E28F4C38973BB417 /* MaterialIcons.ttf in Resources */,
				DA918AD4F4AF466095384D82 /* Octicons.ttf in Resources */,
				3566568184244D078CF0D1FA /* SimpleLineIcons.ttf in Resources */,
				BD96A1C94F0E4DE48E4BCF39 /* Zocial.ttf in Resources */,
				BBC4AB93F81F48FA99D8C550 /* Montserrat-Regular.otf in Resources */,
				DD349F8AA69A4BC9BEE63433 /* Montserrat-MediumItalic.otf in Resources */,
				DEA116C1B7664D36AAD8BB43 /* FontsFree-Net-Proxima-Nova-Bold.otf in Resources */,
				C7FD74CDB8914DBB898D9CC2 /* FontsFree-Net-Proxima-Nova-Thin.otf in Resources */,
				C21656695B254DDC86D148B6 /* Proxima Nova Th.otf in Resources */,
				3F3B706919F342B89EFEF512 /* Montserrat-ExtraBold.otf in Resources */,
				10F0F99814C2434696ACA3A8 /* Montserrat-Bold.otf in Resources */,
				DBDF40C6A13F489590527A4F /* Montserrat-Black.otf in Resources */,
				A44863F2DE1A4B28B395C925 /* Montserrat-BlackItalic.otf in Resources */,
				5D1D5351DA15488B8C2141ED /* Montserrat-BoldItalic.otf in Resources */,
				097DAB5A80614D1585870C79 /* Montserrat-ExtraBoldItalic.otf in Resources */,
				42AB1B9F02F44305BCDAB7B1 /* Montserrat-ExtraLight.otf in Resources */,
				52B5D2127C3846279E310F74 /* Montserrat-ExtraLightItalic.otf in Resources */,
				24DE8B55211741D5A605D309 /* Montserrat-Italic.otf in Resources */,
				04AB83E2475D4C6BBDAB3930 /* Montserrat-Light.otf in Resources */,
				079F9866D2434BB180AB5F3C /* Montserrat-LightItalic.otf in Resources */,
				29A78B14EDEB4334863CBBD9 /* Montserrat-Medium.otf in Resources */,
				24EFA01CCBB246B3AEB2583B /* Montserrat-SemiBold.otf in Resources */,
				CC50D7D90F6346DFB6818FB7 /* Montserrat-SemiBoldItalic.otf in Resources */,
				8FAD871FE2354D30A0AB8807 /* Montserrat-Thin.otf in Resources */,
				FE8F615003C04105A3B61429 /* Montserrat-ThinItalic.otf in Resources */,
				4B98D32405424B6AB1F75FE1 /* MontserratAlternates-Black.otf in Resources */,
				A6F16FE09254430D84DACED4 /* MontserratAlternates-BlackItalic.otf in Resources */,
				0335D22C498441A48992703F /* MontserratAlternates-Bold.otf in Resources */,
				462C12748593490BA8E43760 /* MontserratAlternates-BoldItalic.otf in Resources */,
				025560A111EF45A199EF76B1 /* MontserratAlternates-ExtraBold.otf in Resources */,
				29B25E99B9454FB1A2D3A924 /* MontserratAlternates-ExtraBoldItalic.otf in Resources */,
				275E2182ABF5449D936E4DB8 /* MontserratAlternates-ExtraLight.otf in Resources */,
				63D2D6F3133E4489BEB7B744 /* MontserratAlternates-ExtraLightItalic.otf in Resources */,
				9888A4AB8F0F46E491F90172 /* MontserratAlternates-Italic.otf in Resources */,
				594BE7C926054E54AEE7DED4 /* MontserratAlternates-Light.otf in Resources */,
				D64D8D910B134C72B64EFFD1 /* MontserratAlternates-LightItalic.otf in Resources */,
				E8310D567F324E74931F0F88 /* MontserratAlternates-Medium.otf in Resources */,
				4BF924AC99D5421D92DC72A5 /* MontserratAlternates-MediumItalic.otf in Resources */,
				A8FA51BE106440F1B301884B /* MontserratAlternates-Regular.otf in Resources */,
				962378F98064405CBA7D92FA /* MontserratAlternates-SemiBold.otf in Resources */,
				65130A2825A443BFAD552AE7 /* MontserratAlternates-SemiBoldItalic.otf in Resources */,
				4F431B307B0144F587DEE445 /* MontserratAlternates-Thin.otf in Resources */,
				DDB1B92A44D949E489CC530A /* MontserratAlternates-ThinItalic.otf in Resources */,
				C0AA1939787E4ED88C8B5E1F /* Proxima Nova Alt Bold.otf in Resources */,
				660F1C37E327485C910307D7 /* Proxima Nova Alt Light.otf in Resources */,
				806F3A60ED4F4A79B2025089 /* Proxima Nova Alt Thin.otf in Resources */,
				C24B78C17C8645D0BABD369C /* Proxima Nova Black.otf in Resources */,
				A802D9D307244ED9858D173F /* Proxima Nova Bold.otf in Resources */,
				8A6EC0E0ABCA43EC8E3DEF47 /* Proxima Nova Extrabold.otf in Resources */,
				182D9516470C43F2935E6E6D /* Proxima Nova Thin.otf in Resources */,
				207AAB1A5F354DDF950CC1B7 /* ProximaNova-Regular.otf in Resources */,
			);
			runOnlyForDeploymentPostprocessing = 0;
		};
		2D02E4791E0B4A5D006451C7 /* Resources */ = {
			isa = PBXResourcesBuildPhase;
			buildActionMask = 2147483647;
			files = (
				2D02E4BD1E0B4A84006451C7 /* Images.xcassets in Resources */,
			);
			runOnlyForDeploymentPostprocessing = 0;
		};
		2D02E48E1E0B4A5D006451C7 /* Resources */ = {
			isa = PBXResourcesBuildPhase;
			buildActionMask = 2147483647;
			files = (
			);
			runOnlyForDeploymentPostprocessing = 0;
		};
/* End PBXResourcesBuildPhase section */

/* Begin PBXShellScriptBuildPhase section */
		00DD1BFF1BD5951E006B06BC /* Bundle React Native code and images */ = {
			isa = PBXShellScriptBuildPhase;
			buildActionMask = 2147483647;
			files = (
			);
			inputPaths = (
			);
			name = "Bundle React Native code and images";
			outputPaths = (
			);
			runOnlyForDeploymentPostprocessing = 0;
			shellPath = /bin/sh;
			shellScript = "export NODE_BINARY=node\n../node_modules/react-native/scripts/react-native-xcode.sh";
		};
		2D02E4CB1E0B4B27006451C7 /* Bundle React Native Code And Images */ = {
			isa = PBXShellScriptBuildPhase;
			buildActionMask = 2147483647;
			files = (
			);
			inputPaths = (
			);
			name = "Bundle React Native Code And Images";
			outputPaths = (
			);
			runOnlyForDeploymentPostprocessing = 0;
			shellPath = /bin/sh;
			shellScript = "export NODE_BINARY=node\n../node_modules/react-native/scripts/react-native-xcode.sh";
		};
		FD10A7F022414F080027D42C /* Start Packager */ = {
			isa = PBXShellScriptBuildPhase;
			buildActionMask = 2147483647;
			files = (
			);
			inputFileListPaths = (
			);
			inputPaths = (
			);
			name = "Start Packager";
			outputFileListPaths = (
			);
			outputPaths = (
			);
			runOnlyForDeploymentPostprocessing = 0;
			shellPath = /bin/sh;
			shellScript = "export RCT_METRO_PORT=\"${RCT_METRO_PORT:=8081}\"\necho \"export RCT_METRO_PORT=${RCT_METRO_PORT}\" > \"${SRCROOT}/../node_modules/react-native/scripts/.packager.env\"\nif [ -z \"${RCT_NO_LAUNCH_PACKAGER+xxx}\" ] ; then\n  if nc -w 5 -z localhost ${RCT_METRO_PORT} ; then\n    if ! curl -s \"http://localhost:${RCT_METRO_PORT}/status\" | grep -q \"packager-status:running\" ; then\n      echo \"Port ${RCT_METRO_PORT} already in use, packager is either not running or not running correctly\"\n      exit 2\n    fi\n  else\n    open \"$SRCROOT/../node_modules/react-native/scripts/launchPackager.command\" || echo \"Can't start packager automatically\"\n  fi\nfi\n";
			showEnvVarsInLog = 0;
		};
		FD10A7F122414F3F0027D42C /* Start Packager */ = {
			isa = PBXShellScriptBuildPhase;
			buildActionMask = 2147483647;
			files = (
			);
			inputFileListPaths = (
			);
			inputPaths = (
			);
			name = "Start Packager";
			outputFileListPaths = (
			);
			outputPaths = (
			);
			runOnlyForDeploymentPostprocessing = 0;
			shellPath = /bin/sh;
			shellScript = "export RCT_METRO_PORT=\"${RCT_METRO_PORT:=8081}\"\necho \"export RCT_METRO_PORT=${RCT_METRO_PORT}\" > \"${SRCROOT}/../node_modules/react-native/scripts/.packager.env\"\nif [ -z \"${RCT_NO_LAUNCH_PACKAGER+xxx}\" ] ; then\n  if nc -w 5 -z localhost ${RCT_METRO_PORT} ; then\n    if ! curl -s \"http://localhost:${RCT_METRO_PORT}/status\" | grep -q \"packager-status:running\" ; then\n      echo \"Port ${RCT_METRO_PORT} already in use, packager is either not running or not running correctly\"\n      exit 2\n    fi\n  else\n    open \"$SRCROOT/../node_modules/react-native/scripts/launchPackager.command\" || echo \"Can't start packager automatically\"\n  fi\nfi\n";
			showEnvVarsInLog = 0;
		};
/* End PBXShellScriptBuildPhase section */

/* Begin PBXSourcesBuildPhase section */
		00E356EA1AD99517003FC87E /* Sources */ = {
			isa = PBXSourcesBuildPhase;
			buildActionMask = 2147483647;
			files = (
				00E356F31AD99517003FC87E /* SkinSkanTests.m in Sources */,
			);
			runOnlyForDeploymentPostprocessing = 0;
		};
		13B07F871A680F5B00A75B9A /* Sources */ = {
			isa = PBXSourcesBuildPhase;
			buildActionMask = 2147483647;
			files = (
				13B07FBC1A68108700A75B9A /* AppDelegate.m in Sources */,
				13B07FC11A68108700A75B9A /* main.m in Sources */,
			);
			runOnlyForDeploymentPostprocessing = 0;
		};
		2D02E4771E0B4A5D006451C7 /* Sources */ = {
			isa = PBXSourcesBuildPhase;
			buildActionMask = 2147483647;
			files = (
				2D02E4BF1E0B4AB3006451C7 /* main.m in Sources */,
				2D02E4BC1E0B4A80006451C7 /* AppDelegate.m in Sources */,
			);
			runOnlyForDeploymentPostprocessing = 0;
		};
		2D02E48C1E0B4A5D006451C7 /* Sources */ = {
			isa = PBXSourcesBuildPhase;
			buildActionMask = 2147483647;
			files = (
				2DCD954D1E0B4F2C00145EB5 /* SkinSkanTests.m in Sources */,
			);
			runOnlyForDeploymentPostprocessing = 0;
		};
/* End PBXSourcesBuildPhase section */

/* Begin PBXTargetDependency section */
		00E356F51AD99517003FC87E /* PBXTargetDependency */ = {
			isa = PBXTargetDependency;
			target = 13B07F861A680F5B00A75B9A /* SkinSkan */;
			targetProxy = 00E356F41AD99517003FC87E /* PBXContainerItemProxy */;
		};
		2D02E4921E0B4A5D006451C7 /* PBXTargetDependency */ = {
			isa = PBXTargetDependency;
			target = 2D02E47A1E0B4A5D006451C7 /* SkinSkan-tvOS */;
			targetProxy = 2D02E4911E0B4A5D006451C7 /* PBXContainerItemProxy */;
		};
/* End PBXTargetDependency section */

/* Begin PBXVariantGroup section */
		13B07FB11A68108700A75B9A /* LaunchScreen.xib */ = {
			isa = PBXVariantGroup;
			children = (
				13B07FB21A68108700A75B9A /* Base */,
			);
			name = LaunchScreen.xib;
			path = SkinSkan;
			sourceTree = "<group>";
		};
/* End PBXVariantGroup section */

/* Begin XCBuildConfiguration section */
		00E356F61AD99517003FC87E /* Debug */ = {
			isa = XCBuildConfiguration;
			buildSettings = {
				BUNDLE_LOADER = "$(TEST_HOST)";
				GCC_PREPROCESSOR_DEFINITIONS = (
					"DEBUG=1",
					"$(inherited)",
				);
				INFOPLIST_FILE = SkinSkanTests/Info.plist;
				IPHONEOS_DEPLOYMENT_TARGET = 9.0;
				LD_RUNPATH_SEARCH_PATHS = "$(inherited) @executable_path/Frameworks @loader_path/Frameworks";
				OTHER_LDFLAGS = (
					"-ObjC",
					"-lc++",
					"$(inherited)",
				);
				PRODUCT_BUNDLE_IDENTIFIER = "org.reactjs.native.example.$(PRODUCT_NAME:rfc1034identifier)";
				PRODUCT_NAME = "$(TARGET_NAME)";
				TEST_HOST = "$(BUILT_PRODUCTS_DIR)/SkinSkan.app/SkinSkan";
			};
			name = Debug;
		};
		00E356F71AD99517003FC87E /* Release */ = {
			isa = XCBuildConfiguration;
			buildSettings = {
				BUNDLE_LOADER = "$(TEST_HOST)";
				COPY_PHASE_STRIP = NO;
				INFOPLIST_FILE = SkinSkanTests/Info.plist;
				IPHONEOS_DEPLOYMENT_TARGET = 9.0;
				LD_RUNPATH_SEARCH_PATHS = "$(inherited) @executable_path/Frameworks @loader_path/Frameworks";
				OTHER_LDFLAGS = (
					"-ObjC",
					"-lc++",
					"$(inherited)",
				);
				PRODUCT_BUNDLE_IDENTIFIER = "org.reactjs.native.example.$(PRODUCT_NAME:rfc1034identifier)";
				PRODUCT_NAME = "$(TARGET_NAME)";
				TEST_HOST = "$(BUILT_PRODUCTS_DIR)/SkinSkan.app/SkinSkan";
			};
			name = Release;
		};
		13B07F941A680F5B00A75B9A /* Debug */ = {
			isa = XCBuildConfiguration;
			buildSettings = {
				ASSETCATALOG_COMPILER_APPICON_NAME = AppIcon;
				CURRENT_PROJECT_VERSION = 1;
				DEAD_CODE_STRIPPING = NO;
				INFOPLIST_FILE = SkinSkan/Info.plist;
				LD_RUNPATH_SEARCH_PATHS = "$(inherited) @executable_path/Frameworks";
				OTHER_LDFLAGS = (
					"$(inherited)",
					"-ObjC",
					"-lc++",
				);
				PRODUCT_BUNDLE_IDENTIFIER = "org.reactjs.native.example.$(PRODUCT_NAME:rfc1034identifier)";
				PRODUCT_NAME = SkinSkan;
				VERSIONING_SYSTEM = "apple-generic";
			};
			name = Debug;
		};
		13B07F951A680F5B00A75B9A /* Release */ = {
			isa = XCBuildConfiguration;
			buildSettings = {
				ASSETCATALOG_COMPILER_APPICON_NAME = AppIcon;
				CURRENT_PROJECT_VERSION = 1;
				INFOPLIST_FILE = SkinSkan/Info.plist;
				LD_RUNPATH_SEARCH_PATHS = "$(inherited) @executable_path/Frameworks";
				OTHER_LDFLAGS = (
					"$(inherited)",
					"-ObjC",
					"-lc++",
				);
				PRODUCT_BUNDLE_IDENTIFIER = "org.reactjs.native.example.$(PRODUCT_NAME:rfc1034identifier)";
				PRODUCT_NAME = SkinSkan;
				VERSIONING_SYSTEM = "apple-generic";
			};
			name = Release;
		};
		2D02E4971E0B4A5E006451C7 /* Debug */ = {
			isa = XCBuildConfiguration;
			buildSettings = {
				ASSETCATALOG_COMPILER_APPICON_NAME = "App Icon & Top Shelf Image";
				ASSETCATALOG_COMPILER_LAUNCHIMAGE_NAME = LaunchImage;
				CLANG_ANALYZER_NONNULL = YES;
				CLANG_WARN_DOCUMENTATION_COMMENTS = YES;
				CLANG_WARN_INFINITE_RECURSION = YES;
				CLANG_WARN_SUSPICIOUS_MOVE = YES;
				DEBUG_INFORMATION_FORMAT = dwarf;
				ENABLE_TESTABILITY = YES;
				GCC_NO_COMMON_BLOCKS = YES;
				INFOPLIST_FILE = "SkinSkan-tvOS/Info.plist";
				LD_RUNPATH_SEARCH_PATHS = "$(inherited) @executable_path/Frameworks";
				OTHER_LDFLAGS = (
					"$(inherited)",
					"-ObjC",
					"-lc++",
				);
				PRODUCT_BUNDLE_IDENTIFIER = "com.facebook.REACT.SkinSkan-tvOS";
				PRODUCT_NAME = "$(TARGET_NAME)";
				SDKROOT = appletvos;
				TARGETED_DEVICE_FAMILY = 3;
				TVOS_DEPLOYMENT_TARGET = 9.2;
			};
			name = Debug;
		};
		2D02E4981E0B4A5E006451C7 /* Release */ = {
			isa = XCBuildConfiguration;
			buildSettings = {
				ASSETCATALOG_COMPILER_APPICON_NAME = "App Icon & Top Shelf Image";
				ASSETCATALOG_COMPILER_LAUNCHIMAGE_NAME = LaunchImage;
				CLANG_ANALYZER_NONNULL = YES;
				CLANG_WARN_DOCUMENTATION_COMMENTS = YES;
				CLANG_WARN_INFINITE_RECURSION = YES;
				CLANG_WARN_SUSPICIOUS_MOVE = YES;
				COPY_PHASE_STRIP = NO;
				DEBUG_INFORMATION_FORMAT = "dwarf-with-dsym";
				GCC_NO_COMMON_BLOCKS = YES;
				INFOPLIST_FILE = "SkinSkan-tvOS/Info.plist";
				LD_RUNPATH_SEARCH_PATHS = "$(inherited) @executable_path/Frameworks";
				OTHER_LDFLAGS = (
					"$(inherited)",
					"-ObjC",
					"-lc++",
				);
				PRODUCT_BUNDLE_IDENTIFIER = "com.facebook.REACT.SkinSkan-tvOS";
				PRODUCT_NAME = "$(TARGET_NAME)";
				SDKROOT = appletvos;
				TARGETED_DEVICE_FAMILY = 3;
				TVOS_DEPLOYMENT_TARGET = 9.2;
			};
			name = Release;
		};
		2D02E4991E0B4A5E006451C7 /* Debug */ = {
			isa = XCBuildConfiguration;
			buildSettings = {
				BUNDLE_LOADER = "$(TEST_HOST)";
				CLANG_ANALYZER_NONNULL = YES;
				CLANG_WARN_DOCUMENTATION_COMMENTS = YES;
				CLANG_WARN_INFINITE_RECURSION = YES;
				CLANG_WARN_SUSPICIOUS_MOVE = YES;
				DEBUG_INFORMATION_FORMAT = dwarf;
				ENABLE_TESTABILITY = YES;
				GCC_NO_COMMON_BLOCKS = YES;
				INFOPLIST_FILE = "SkinSkan-tvOSTests/Info.plist";
				LD_RUNPATH_SEARCH_PATHS = "$(inherited) @executable_path/Frameworks @loader_path/Frameworks";
				OTHER_LDFLAGS = (
					"$(inherited)",
					"-ObjC",
					"-lc++",
				);
				PRODUCT_BUNDLE_IDENTIFIER = "com.facebook.REACT.SkinSkan-tvOSTests";
				PRODUCT_NAME = "$(TARGET_NAME)";
				SDKROOT = appletvos;
				TEST_HOST = "$(BUILT_PRODUCTS_DIR)/SkinSkan-tvOS.app/SkinSkan-tvOS";
				TVOS_DEPLOYMENT_TARGET = 10.1;
			};
			name = Debug;
		};
		2D02E49A1E0B4A5E006451C7 /* Release */ = {
			isa = XCBuildConfiguration;
			buildSettings = {
				BUNDLE_LOADER = "$(TEST_HOST)";
				CLANG_ANALYZER_NONNULL = YES;
				CLANG_WARN_DOCUMENTATION_COMMENTS = YES;
				CLANG_WARN_INFINITE_RECURSION = YES;
				CLANG_WARN_SUSPICIOUS_MOVE = YES;
				COPY_PHASE_STRIP = NO;
				DEBUG_INFORMATION_FORMAT = "dwarf-with-dsym";
				GCC_NO_COMMON_BLOCKS = YES;
				INFOPLIST_FILE = "SkinSkan-tvOSTests/Info.plist";
				LD_RUNPATH_SEARCH_PATHS = "$(inherited) @executable_path/Frameworks @loader_path/Frameworks";
				OTHER_LDFLAGS = (
					"$(inherited)",
					"-ObjC",
					"-lc++",
				);
				PRODUCT_BUNDLE_IDENTIFIER = "com.facebook.REACT.SkinSkan-tvOSTests";
				PRODUCT_NAME = "$(TARGET_NAME)";
				SDKROOT = appletvos;
				TEST_HOST = "$(BUILT_PRODUCTS_DIR)/SkinSkan-tvOS.app/SkinSkan-tvOS";
				TVOS_DEPLOYMENT_TARGET = 10.1;
			};
			name = Release;
		};
		83CBBA201A601CBA00E9B192 /* Debug */ = {
			isa = XCBuildConfiguration;
			buildSettings = {
				ALWAYS_SEARCH_USER_PATHS = NO;
				CLANG_CXX_LANGUAGE_STANDARD = "gnu++0x";
				CLANG_CXX_LIBRARY = "libc++";
				CLANG_ENABLE_MODULES = YES;
				CLANG_ENABLE_OBJC_ARC = YES;
				CLANG_WARN_BLOCK_CAPTURE_AUTORELEASING = YES;
				CLANG_WARN_BOOL_CONVERSION = YES;
				CLANG_WARN_COMMA = YES;
				CLANG_WARN_CONSTANT_CONVERSION = YES;
				CLANG_WARN_DEPRECATED_OBJC_IMPLEMENTATIONS = YES;
				CLANG_WARN_DIRECT_OBJC_ISA_USAGE = YES_ERROR;
				CLANG_WARN_EMPTY_BODY = YES;
				CLANG_WARN_ENUM_CONVERSION = YES;
				CLANG_WARN_INFINITE_RECURSION = YES;
				CLANG_WARN_INT_CONVERSION = YES;
				CLANG_WARN_NON_LITERAL_NULL_CONVERSION = YES;
				CLANG_WARN_OBJC_IMPLICIT_RETAIN_SELF = YES;
				CLANG_WARN_OBJC_LITERAL_CONVERSION = YES;
				CLANG_WARN_OBJC_ROOT_CLASS = YES_ERROR;
				CLANG_WARN_RANGE_LOOP_ANALYSIS = YES;
				CLANG_WARN_STRICT_PROTOTYPES = YES;
				CLANG_WARN_SUSPICIOUS_MOVE = YES;
				CLANG_WARN_UNREACHABLE_CODE = YES;
				CLANG_WARN__DUPLICATE_METHOD_MATCH = YES;
				"CODE_SIGN_IDENTITY[sdk=iphoneos*]" = "iPhone Developer";
				COPY_PHASE_STRIP = NO;
				ENABLE_STRICT_OBJC_MSGSEND = YES;
				ENABLE_TESTABILITY = YES;
				GCC_C_LANGUAGE_STANDARD = gnu99;
				GCC_DYNAMIC_NO_PIC = NO;
				GCC_NO_COMMON_BLOCKS = YES;
				GCC_OPTIMIZATION_LEVEL = 0;
				GCC_PREPROCESSOR_DEFINITIONS = (
					"DEBUG=1",
					"$(inherited)",
				);
				GCC_SYMBOLS_PRIVATE_EXTERN = NO;
				GCC_WARN_64_TO_32_BIT_CONVERSION = YES;
				GCC_WARN_ABOUT_RETURN_TYPE = YES_ERROR;
				GCC_WARN_UNDECLARED_SELECTOR = YES;
				GCC_WARN_UNINITIALIZED_AUTOS = YES_AGGRESSIVE;
				GCC_WARN_UNUSED_FUNCTION = YES;
				GCC_WARN_UNUSED_VARIABLE = YES;
				IPHONEOS_DEPLOYMENT_TARGET = 9.0;
				MTL_ENABLE_DEBUG_INFO = YES;
				ONLY_ACTIVE_ARCH = YES;
				SDKROOT = iphoneos;
			};
			name = Debug;
		};
		83CBBA211A601CBA00E9B192 /* Release */ = {
			isa = XCBuildConfiguration;
			buildSettings = {
				ALWAYS_SEARCH_USER_PATHS = NO;
				CLANG_CXX_LANGUAGE_STANDARD = "gnu++0x";
				CLANG_CXX_LIBRARY = "libc++";
				CLANG_ENABLE_MODULES = YES;
				CLANG_ENABLE_OBJC_ARC = YES;
				CLANG_WARN_BLOCK_CAPTURE_AUTORELEASING = YES;
				CLANG_WARN_BOOL_CONVERSION = YES;
				CLANG_WARN_COMMA = YES;
				CLANG_WARN_CONSTANT_CONVERSION = YES;
				CLANG_WARN_DEPRECATED_OBJC_IMPLEMENTATIONS = YES;
				CLANG_WARN_DIRECT_OBJC_ISA_USAGE = YES_ERROR;
				CLANG_WARN_EMPTY_BODY = YES;
				CLANG_WARN_ENUM_CONVERSION = YES;
				CLANG_WARN_INFINITE_RECURSION = YES;
				CLANG_WARN_INT_CONVERSION = YES;
				CLANG_WARN_NON_LITERAL_NULL_CONVERSION = YES;
				CLANG_WARN_OBJC_IMPLICIT_RETAIN_SELF = YES;
				CLANG_WARN_OBJC_LITERAL_CONVERSION = YES;
				CLANG_WARN_OBJC_ROOT_CLASS = YES_ERROR;
				CLANG_WARN_RANGE_LOOP_ANALYSIS = YES;
				CLANG_WARN_STRICT_PROTOTYPES = YES;
				CLANG_WARN_SUSPICIOUS_MOVE = YES;
				CLANG_WARN_UNREACHABLE_CODE = YES;
				CLANG_WARN__DUPLICATE_METHOD_MATCH = YES;
				"CODE_SIGN_IDENTITY[sdk=iphoneos*]" = "iPhone Developer";
				COPY_PHASE_STRIP = YES;
				ENABLE_NS_ASSERTIONS = NO;
				ENABLE_STRICT_OBJC_MSGSEND = YES;
				GCC_C_LANGUAGE_STANDARD = gnu99;
				GCC_NO_COMMON_BLOCKS = YES;
				GCC_WARN_64_TO_32_BIT_CONVERSION = YES;
				GCC_WARN_ABOUT_RETURN_TYPE = YES_ERROR;
				GCC_WARN_UNDECLARED_SELECTOR = YES;
				GCC_WARN_UNINITIALIZED_AUTOS = YES_AGGRESSIVE;
				GCC_WARN_UNUSED_FUNCTION = YES;
				GCC_WARN_UNUSED_VARIABLE = YES;
				IPHONEOS_DEPLOYMENT_TARGET = 9.0;
				MTL_ENABLE_DEBUG_INFO = NO;
				SDKROOT = iphoneos;
				VALIDATE_PRODUCT = YES;
			};
			name = Release;
		};
/* End XCBuildConfiguration section */

/* Begin XCConfigurationList section */
		00E357021AD99517003FC87E /* Build configuration list for PBXNativeTarget "SkinSkanTests" */ = {
			isa = XCConfigurationList;
			buildConfigurations = (
				00E356F61AD99517003FC87E /* Debug */,
				00E356F71AD99517003FC87E /* Release */,
			);
			defaultConfigurationIsVisible = 0;
			defaultConfigurationName = Release;
		};
		13B07F931A680F5B00A75B9A /* Build configuration list for PBXNativeTarget "SkinSkan" */ = {
			isa = XCConfigurationList;
			buildConfigurations = (
				13B07F941A680F5B00A75B9A /* Debug */,
				13B07F951A680F5B00A75B9A /* Release */,
			);
			defaultConfigurationIsVisible = 0;
			defaultConfigurationName = Release;
		};
		2D02E4BA1E0B4A5E006451C7 /* Build configuration list for PBXNativeTarget "SkinSkan-tvOS" */ = {
			isa = XCConfigurationList;
			buildConfigurations = (
				2D02E4971E0B4A5E006451C7 /* Debug */,
				2D02E4981E0B4A5E006451C7 /* Release */,
			);
			defaultConfigurationIsVisible = 0;
			defaultConfigurationName = Release;
		};
		2D02E4BB1E0B4A5E006451C7 /* Build configuration list for PBXNativeTarget "SkinSkan-tvOSTests" */ = {
			isa = XCConfigurationList;
			buildConfigurations = (
				2D02E4991E0B4A5E006451C7 /* Debug */,
				2D02E49A1E0B4A5E006451C7 /* Release */,
			);
			defaultConfigurationIsVisible = 0;
			defaultConfigurationName = Release;
		};
		83CBB9FA1A601CBA00E9B192 /* Build configuration list for PBXProject "SkinSkan" */ = {
			isa = XCConfigurationList;
			buildConfigurations = (
				83CBBA201A601CBA00E9B192 /* Debug */,
				83CBBA211A601CBA00E9B192 /* Release */,
			);
			defaultConfigurationIsVisible = 0;
			defaultConfigurationName = Release;
		};
/* End XCConfigurationList section */
	};
	rootObject = 83CBB9F71A601CBA00E9B192 /* Project object */;
}
